// !$*UTF8*$!
{
	archiveVersion = 1;
	classes = {
	};
	objectVersion = 56;
	objects = {

/* Begin PBXBuildFile section */
		550DCB3C2947D6FF006DF792 /* AppDelegate.swift in Sources */ = {isa = PBXBuildFile; fileRef = 550DCB3B2947D6FF006DF792 /* AppDelegate.swift */; };
		550DCB3E2947D6FF006DF792 /* SceneDelegate.swift in Sources */ = {isa = PBXBuildFile; fileRef = 550DCB3D2947D6FF006DF792 /* SceneDelegate.swift */; };
		550DCB402947D6FF006DF792 /* ViewController.swift in Sources */ = {isa = PBXBuildFile; fileRef = 550DCB3F2947D6FF006DF792 /* ViewController.swift */; };
		550DCB432947D6FF006DF792 /* Main.storyboard in Resources */ = {isa = PBXBuildFile; fileRef = 550DCB412947D6FF006DF792 /* Main.storyboard */; };
		550DCB452947D703006DF792 /* Assets.xcassets in Resources */ = {isa = PBXBuildFile; fileRef = 550DCB442947D703006DF792 /* Assets.xcassets */; };
		550DCB482947D703006DF792 /* LaunchScreen.storyboard in Resources */ = {isa = PBXBuildFile; fileRef = 550DCB462947D703006DF792 /* LaunchScreen.storyboard */; };
		550DCB532947D703006DF792 /* UIkit2Tests.swift in Sources */ = {isa = PBXBuildFile; fileRef = 550DCB522947D703006DF792 /* UIkit2Tests.swift */; };
		550DCB5D2947D703006DF792 /* UIkit2UITests.swift in Sources */ = {isa = PBXBuildFile; fileRef = 550DCB5C2947D703006DF792 /* UIkit2UITests.swift */; };
		550DCB5F2947D703006DF792 /* UIkit2UITestsLaunchTests.swift in Sources */ = {isa = PBXBuildFile; fileRef = 550DCB5E2947D703006DF792 /* UIkit2UITestsLaunchTests.swift */; };
/* End PBXBuildFile section */

/* Begin PBXContainerItemProxy section */
		550DCB4F2947D703006DF792 /* PBXContainerItemProxy */ = {
			isa = PBXContainerItemProxy;
			containerPortal = 550DCB302947D6FF006DF792 /* Project object */;
			proxyType = 1;
			remoteGlobalIDString = 550DCB372947D6FF006DF792;
			remoteInfo = UIkit2;
		};
		550DCB592947D703006DF792 /* PBXContainerItemProxy */ = {
			isa = PBXContainerItemProxy;
			containerPortal = 550DCB302947D6FF006DF792 /* Project object */;
			proxyType = 1;
			remoteGlobalIDString = 550DCB372947D6FF006DF792;
			remoteInfo = UIkit2;
		};
/* End PBXContainerItemProxy section */

/* Begin PBXFileReference section */
		550DCB382947D6FF006DF792 /* UIkit2.app */ = {isa = PBXFileReference; explicitFileType = wrapper.application; includeInIndex = 0; path = UIkit2.app; sourceTree = BUILT_PRODUCTS_DIR; };
		550DCB3B2947D6FF006DF792 /* AppDelegate.swift */ = {isa = PBXFileReference; lastKnownFileType = sourcecode.swift; path = AppDelegate.swift; sourceTree = "<group>"; };
		550DCB3D2947D6FF006DF792 /* SceneDelegate.swift */ = {isa = PBXFileReference; lastKnownFileType = sourcecode.swift; path = SceneDelegate.swift; sourceTree = "<group>"; };
		550DCB3F2947D6FF006DF792 /* ViewController.swift */ = {isa = PBXFileReference; lastKnownFileType = sourcecode.swift; path = ViewController.swift; sourceTree = "<group>"; };
		550DCB422947D6FF006DF792 /* Base */ = {isa = PBXFileReference; lastKnownFileType = file.storyboard; name = Base; path = Base.lproj/Main.storyboard; sourceTree = "<group>"; };
		550DCB442947D703006DF792 /* Assets.xcassets */ = {isa = PBXFileReference; lastKnownFileType = folder.assetcatalog; path = Assets.xcassets; sourceTree = "<group>"; };
		550DCB472947D703006DF792 /* Base */ = {isa = PBXFileReference; lastKnownFileType = file.storyboard; name = Base; path = Base.lproj/LaunchScreen.storyboard; sourceTree = "<group>"; };
		550DCB492947D703006DF792 /* Info.plist */ = {isa = PBXFileReference; lastKnownFileType = text.plist.xml; path = Info.plist; sourceTree = "<group>"; };
		550DCB4E2947D703006DF792 /* UIkit2Tests.xctest */ = {isa = PBXFileReference; explicitFileType = wrapper.cfbundle; includeInIndex = 0; path = UIkit2Tests.xctest; sourceTree = BUILT_PRODUCTS_DIR; };
		550DCB522947D703006DF792 /* UIkit2Tests.swift */ = {isa = PBXFileReference; lastKnownFileType = sourcecode.swift; path = UIkit2Tests.swift; sourceTree = "<group>"; };
		550DCB582947D703006DF792 /* UIkit2UITests.xctest */ = {isa = PBXFileReference; explicitFileType = wrapper.cfbundle; includeInIndex = 0; path = UIkit2UITests.xctest; sourceTree = BUILT_PRODUCTS_DIR; };
		550DCB5C2947D703006DF792 /* UIkit2UITests.swift */ = {isa = PBXFileReference; lastKnownFileType = sourcecode.swift; path = UIkit2UITests.swift; sourceTree = "<group>"; };
		550DCB5E2947D703006DF792 /* UIkit2UITestsLaunchTests.swift */ = {isa = PBXFileReference; lastKnownFileType = sourcecode.swift; path = UIkit2UITestsLaunchTests.swift; sourceTree = "<group>"; };
/* End PBXFileReference section */

/* Begin PBXFrameworksBuildPhase section */
		550DCB352947D6FF006DF792 /* Frameworks */ = {
			isa = PBXFrameworksBuildPhase;
			buildActionMask = 2147483647;
			files = (
			);
			runOnlyForDeploymentPostprocessing = 0;
		};
		550DCB4B2947D703006DF792 /* Frameworks */ = {
			isa = PBXFrameworksBuildPhase;
			buildActionMask = 2147483647;
			files = (
			);
			runOnlyForDeploymentPostprocessing = 0;
		};
		550DCB552947D703006DF792 /* Frameworks */ = {
			isa = PBXFrameworksBuildPhase;
			buildActionMask = 2147483647;
			files = (
			);
			runOnlyForDeploymentPostprocessing = 0;
		};
/* End PBXFrameworksBuildPhase section */

/* Begin PBXGroup section */
		550DCB2F2947D6FF006DF792 = {
			isa = PBXGroup;
			children = (
				550DCB3A2947D6FF006DF792 /* UIkit2 */,
				550DCB512947D703006DF792 /* UIkit2Tests */,
				550DCB5B2947D703006DF792 /* UIkit2UITests */,
				550DCB392947D6FF006DF792 /* Products */,
			);
			sourceTree = "<group>";
		};
		550DCB392947D6FF006DF792 /* Products */ = {
			isa = PBXGroup;
			children = (
				550DCB382947D6FF006DF792 /* UIkit2.app */,
				550DCB4E2947D703006DF792 /* UIkit2Tests.xctest */,
				550DCB582947D703006DF792 /* UIkit2UITests.xctest */,
			);
			name = Products;
			sourceTree = "<group>";
		};
		550DCB3A2947D6FF006DF792 /* UIkit2 */ = {
			isa = PBXGroup;
			children = (
				550DCB3B2947D6FF006DF792 /* AppDelegate.swift */,
				550DCB3D2947D6FF006DF792 /* SceneDelegate.swift */,
				550DCB3F2947D6FF006DF792 /* ViewController.swift */,
				550DCB412947D6FF006DF792 /* Main.storyboard */,
				550DCB442947D703006DF792 /* Assets.xcassets */,
				550DCB462947D703006DF792 /* LaunchScreen.storyboard */,
				550DCB492947D703006DF792 /* Info.plist */,
			);
			path = UIkit2;
			sourceTree = "<group>";
		};
		550DCB512947D703006DF792 /* UIkit2Tests */ = {
			isa = PBXGroup;
			children = (
				550DCB522947D703006DF792 /* UIkit2Tests.swift */,
			);
			path = UIkit2Tests;
			sourceTree = "<group>";
		};
		550DCB5B2947D703006DF792 /* UIkit2UITests */ = {
			isa = PBXGroup;
			children = (
				550DCB5C2947D703006DF792 /* UIkit2UITests.swift */,
				550DCB5E2947D703006DF792 /* UIkit2UITestsLaunchTests.swift */,
			);
			path = UIkit2UITests;
			sourceTree = "<group>";
		};
/* End PBXGroup section */

/* Begin PBXNativeTarget section */
		550DCB372947D6FF006DF792 /* UIkit2 */ = {
			isa = PBXNativeTarget;
			buildConfigurationList = 550DCB622947D703006DF792 /* Build configuration list for PBXNativeTarget "UIkit2" */;
			buildPhases = (
				550DCB342947D6FF006DF792 /* Sources */,
				550DCB352947D6FF006DF792 /* Frameworks */,
				550DCB362947D6FF006DF792 /* Resources */,
			);
			buildRules = (
			);
			dependencies = (
			);
			name = UIkit2;
			productName = UIkit2;
			productReference = 550DCB382947D6FF006DF792 /* UIkit2.app */;
			productType = "com.apple.product-type.application";
		};
		550DCB4D2947D703006DF792 /* UIkit2Tests */ = {
			isa = PBXNativeTarget;
			buildConfigurationList = 550DCB652947D703006DF792 /* Build configuration list for PBXNativeTarget "UIkit2Tests" */;
			buildPhases = (
				550DCB4A2947D703006DF792 /* Sources */,
				550DCB4B2947D703006DF792 /* Frameworks */,
				550DCB4C2947D703006DF792 /* Resources */,
			);
			buildRules = (
			);
			dependencies = (
				550DCB502947D703006DF792 /* PBXTargetDependency */,
			);
			name = UIkit2Tests;
			productName = UIkit2Tests;
			productReference = 550DCB4E2947D703006DF792 /* UIkit2Tests.xctest */;
			productType = "com.apple.product-type.bundle.unit-test";
		};
		550DCB572947D703006DF792 /* UIkit2UITests */ = {
			isa = PBXNativeTarget;
			buildConfigurationList = 550DCB682947D703006DF792 /* Build configuration list for PBXNativeTarget "UIkit2UITests" */;
			buildPhases = (
				550DCB542947D703006DF792 /* Sources */,
				550DCB552947D703006DF792 /* Frameworks */,
				550DCB562947D703006DF792 /* Resources */,
			);
			buildRules = (
			);
			dependencies = (
				550DCB5A2947D703006DF792 /* PBXTargetDependency */,
			);
			name = UIkit2UITests;
			productName = UIkit2UITests;
			productReference = 550DCB582947D703006DF792 /* UIkit2UITests.xctest */;
			productType = "com.apple.product-type.bundle.ui-testing";
		};
/* End PBXNativeTarget section */

/* Begin PBXProject section */
		550DCB302947D6FF006DF792 /* Project object */ = {
			isa = PBXProject;
			attributes = {
				BuildIndependentTargetsInParallel = 1;
				LastSwiftUpdateCheck = 1410;
				LastUpgradeCheck = 1410;
				TargetAttributes = {
					550DCB372947D6FF006DF792 = {
						CreatedOnToolsVersion = 14.1;
					};
					550DCB4D2947D703006DF792 = {
						CreatedOnToolsVersion = 14.1;
						TestTargetID = 550DCB372947D6FF006DF792;
					};
					550DCB572947D703006DF792 = {
						CreatedOnToolsVersion = 14.1;
						TestTargetID = 550DCB372947D6FF006DF792;
					};
				};
			};
			buildConfigurationList = 550DCB332947D6FF006DF792 /* Build configuration list for PBXProject "UIkit2" */;
			compatibilityVersion = "Xcode 14.0";
			developmentRegion = en;
			hasScannedForEncodings = 0;
			knownRegions = (
				en,
				Base,
			);
			mainGroup = 550DCB2F2947D6FF006DF792;
			productRefGroup = 550DCB392947D6FF006DF792 /* Products */;
			projectDirPath = "";
			projectRoot = "";
			targets = (
				550DCB372947D6FF006DF792 /* UIkit2 */,
				550DCB4D2947D703006DF792 /* UIkit2Tests */,
				550DCB572947D703006DF792 /* UIkit2UITests */,
			);
		};
/* End PBXProject section */

/* Begin PBXResourcesBuildPhase section */
		550DCB362947D6FF006DF792 /* Resources */ = {
			isa = PBXResourcesBuildPhase;
			buildActionMask = 2147483647;
			files = (
				550DCB482947D703006DF792 /* LaunchScreen.storyboard in Resources */,
				550DCB452947D703006DF792 /* Assets.xcassets in Resources */,
				550DCB432947D6FF006DF792 /* Main.storyboard in Resources */,
			);
			runOnlyForDeploymentPostprocessing = 0;
		};
		550DCB4C2947D703006DF792 /* Resources */ = {
			isa = PBXResourcesBuildPhase;
			buildActionMask = 2147483647;
			files = (
			);
			runOnlyForDeploymentPostprocessing = 0;
		};
		550DCB562947D703006DF792 /* Resources */ = {
			isa = PBXResourcesBuildPhase;
			buildActionMask = 2147483647;
			files = (
			);
			runOnlyForDeploymentPostprocessing = 0;
		};
/* End PBXResourcesBuildPhase section */

/* Begin PBXSourcesBuildPhase section */
		550DCB342947D6FF006DF792 /* Sources */ = {
			isa = PBXSourcesBuildPhase;
			buildActionMask = 2147483647;
			files = (
				550DCB402947D6FF006DF792 /* ViewController.swift in Sources */,
				550DCB3C2947D6FF006DF792 /* AppDelegate.swift in Sources */,
				550DCB3E2947D6FF006DF792 /* SceneDelegate.swift in Sources */,
			);
			runOnlyForDeploymentPostprocessing = 0;
		};
		550DCB4A2947D703006DF792 /* Sources */ = {
			isa = PBXSourcesBuildPhase;
			buildActionMask = 2147483647;
			files = (
				550DCB532947D703006DF792 /* UIkit2Tests.swift in Sources */,
			);
			runOnlyForDeploymentPostprocessing = 0;
		};
		550DCB542947D703006DF792 /* Sources */ = {
			isa = PBXSourcesBuildPhase;
			buildActionMask = 2147483647;
			files = (
				550DCB5F2947D703006DF792 /* UIkit2UITestsLaunchTests.swift in Sources */,
				550DCB5D2947D703006DF792 /* UIkit2UITests.swift in Sources */,
			);
			runOnlyForDeploymentPostprocessing = 0;
		};
/* End PBXSourcesBuildPhase section */

/* Begin PBXTargetDependency section */
		550DCB502947D703006DF792 /* PBXTargetDependency */ = {
			isa = PBXTargetDependency;
			target = 550DCB372947D6FF006DF792 /* UIkit2 */;
			targetProxy = 550DCB4F2947D703006DF792 /* PBXContainerItemProxy */;
		};
		550DCB5A2947D703006DF792 /* PBXTargetDependency */ = {
			isa = PBXTargetDependency;
			target = 550DCB372947D6FF006DF792 /* UIkit2 */;
			targetProxy = 550DCB592947D703006DF792 /* PBXContainerItemProxy */;
		};
/* End PBXTargetDependency section */

/* Begin PBXVariantGroup section */
		550DCB412947D6FF006DF792 /* Main.storyboard */ = {
			isa = PBXVariantGroup;
			children = (
				550DCB422947D6FF006DF792 /* Base */,
			);
			name = Main.storyboard;
			sourceTree = "<group>";
		};
		550DCB462947D703006DF792 /* LaunchScreen.storyboard */ = {
			isa = PBXVariantGroup;
			children = (
				550DCB472947D703006DF792 /* Base */,
			);
			name = LaunchScreen.storyboard;
			sourceTree = "<group>";
		};
/* End PBXVariantGroup section */

/* Begin XCBuildConfiguration section */
		550DCB602947D703006DF792 /* Debug */ = {
			isa = XCBuildConfiguration;
			buildSettings = {
				ALWAYS_SEARCH_USER_PATHS = NO;
				CLANG_ANALYZER_NONNULL = YES;
				CLANG_ANALYZER_NUMBER_OBJECT_CONVERSION = YES_AGGRESSIVE;
				CLANG_CXX_LANGUAGE_STANDARD = "gnu++20";
				CLANG_ENABLE_MODULES = YES;
				CLANG_ENABLE_OBJC_ARC = YES;
				CLANG_ENABLE_OBJC_WEAK = YES;
				CLANG_WARN_BLOCK_CAPTURE_AUTORELEASING = YES;
				CLANG_WARN_BOOL_CONVERSION = YES;
				CLANG_WARN_COMMA = YES;
				CLANG_WARN_CONSTANT_CONVERSION = YES;
				CLANG_WARN_DEPRECATED_OBJC_IMPLEMENTATIONS = YES;
				CLANG_WARN_DIRECT_OBJC_ISA_USAGE = YES_ERROR;
				CLANG_WARN_DOCUMENTATION_COMMENTS = YES;
				CLANG_WARN_EMPTY_BODY = YES;
				CLANG_WARN_ENUM_CONVERSION = YES;
				CLANG_WARN_INFINITE_RECURSION = YES;
				CLANG_WARN_INT_CONVERSION = YES;
				CLANG_WARN_NON_LITERAL_NULL_CONVERSION = YES;
				CLANG_WARN_OBJC_IMPLICIT_RETAIN_SELF = YES;
				CLANG_WARN_OBJC_LITERAL_CONVERSION = YES;
				CLANG_WARN_OBJC_ROOT_CLASS = YES_ERROR;
				CLANG_WARN_QUOTED_INCLUDE_IN_FRAMEWORK_HEADER = YES;
				CLANG_WARN_RANGE_LOOP_ANALYSIS = YES;
				CLANG_WARN_STRICT_PROTOTYPES = YES;
				CLANG_WARN_SUSPICIOUS_MOVE = YES;
				CLANG_WARN_UNGUARDED_AVAILABILITY = YES_AGGRESSIVE;
				CLANG_WARN_UNREACHABLE_CODE = YES;
				CLANG_WARN__DUPLICATE_METHOD_MATCH = YES;
				COPY_PHASE_STRIP = NO;
				DEBUG_INFORMATION_FORMAT = dwarf;
				ENABLE_STRICT_OBJC_MSGSEND = YES;
				ENABLE_TESTABILITY = YES;
				GCC_C_LANGUAGE_STANDARD = gnu11;
				GCC_DYNAMIC_NO_PIC = NO;
				GCC_NO_COMMON_BLOCKS = YES;
				GCC_OPTIMIZATION_LEVEL = 0;
				GCC_PREPROCESSOR_DEFINITIONS = (
					"DEBUG=1",
					"$(inherited)",
				);
				GCC_WARN_64_TO_32_BIT_CONVERSION = YES;
				GCC_WARN_ABOUT_RETURN_TYPE = YES_ERROR;
				GCC_WARN_UNDECLARED_SELECTOR = YES;
				GCC_WARN_UNINITIALIZED_AUTOS = YES_AGGRESSIVE;
				GCC_WARN_UNUSED_FUNCTION = YES;
				GCC_WARN_UNUSED_VARIABLE = YES;
				IPHONEOS_DEPLOYMENT_TARGET = 16.1;
				MTL_ENABLE_DEBUG_INFO = INCLUDE_SOURCE;
				MTL_FAST_MATH = YES;
				ONLY_ACTIVE_ARCH = YES;
				SDKROOT = iphoneos;
				SWIFT_ACTIVE_COMPILATION_CONDITIONS = DEBUG;
				SWIFT_OPTIMIZATION_LEVEL = "-Onone";
			};
			name = Debug;
		};
		550DCB612947D703006DF792 /* Release */ = {
			isa = XCBuildConfiguration;
			buildSettings = {
				ALWAYS_SEARCH_USER_PATHS = NO;
				CLANG_ANALYZER_NONNULL = YES;
				CLANG_ANALYZER_NUMBER_OBJECT_CONVERSION = YES_AGGRESSIVE;
				CLANG_CXX_LANGUAGE_STANDARD = "gnu++20";
				CLANG_ENABLE_MODULES = YES;
				CLANG_ENABLE_OBJC_ARC = YES;
				CLANG_ENABLE_OBJC_WEAK = YES;
				CLANG_WARN_BLOCK_CAPTURE_AUTORELEASING = YES;
				CLANG_WARN_BOOL_CONVERSION = YES;
				CLANG_WARN_COMMA = YES;
				CLANG_WARN_CONSTANT_CONVERSION = YES;
				CLANG_WARN_DEPRECATED_OBJC_IMPLEMENTATIONS = YES;
				CLANG_WARN_DIRECT_OBJC_ISA_USAGE = YES_ERROR;
				CLANG_WARN_DOCUMENTATION_COMMENTS = YES;
				CLANG_WARN_EMPTY_BODY = YES;
				CLANG_WARN_ENUM_CONVERSION = YES;
				CLANG_WARN_INFINITE_RECURSION = YES;
				CLANG_WARN_INT_CONVERSION = YES;
				CLANG_WARN_NON_LITERAL_NULL_CONVERSION = YES;
				CLANG_WARN_OBJC_IMPLICIT_RETAIN_SELF = YES;
				CLANG_WARN_OBJC_LITERAL_CONVERSION = YES;
				CLANG_WARN_OBJC_ROOT_CLASS = YES_ERROR;
				CLANG_WARN_QUOTED_INCLUDE_IN_FRAMEWORK_HEADER = YES;
				CLANG_WARN_RANGE_LOOP_ANALYSIS = YES;
				CLANG_WARN_STRICT_PROTOTYPES = YES;
				CLANG_WARN_SUSPICIOUS_MOVE = YES;
				CLANG_WARN_UNGUARDED_AVAILABILITY = YES_AGGRESSIVE;
				CLANG_WARN_UNREACHABLE_CODE = YES;
				CLANG_WARN__DUPLICATE_METHOD_MATCH = YES;
				COPY_PHASE_STRIP = NO;
				DEBUG_INFORMATION_FORMAT = "dwarf-with-dsym";
				ENABLE_NS_ASSERTIONS = NO;
				ENABLE_STRICT_OBJC_MSGSEND = YES;
				GCC_C_LANGUAGE_STANDARD = gnu11;
				GCC_NO_COMMON_BLOCKS = YES;
				GCC_WARN_64_TO_32_BIT_CONVERSION = YES;
				GCC_WARN_ABOUT_RETURN_TYPE = YES_ERROR;
				GCC_WARN_UNDECLARED_SELECTOR = YES;
				GCC_WARN_UNINITIALIZED_AUTOS = YES_AGGRESSIVE;
				GCC_WARN_UNUSED_FUNCTION = YES;
				GCC_WARN_UNUSED_VARIABLE = YES;
				IPHONEOS_DEPLOYMENT_TARGET = 16.1;
				MTL_ENABLE_DEBUG_INFO = NO;
				MTL_FAST_MATH = YES;
				SDKROOT = iphoneos;
				SWIFT_COMPILATION_MODE = wholemodule;
				SWIFT_OPTIMIZATION_LEVEL = "-O";
				VALIDATE_PRODUCT = YES;
			};
			name = Release;
		};
		550DCB632947D703006DF792 /* Debug */ = {
			isa = XCBuildConfiguration;
			buildSettings = {
				ASSETCATALOG_COMPILER_APPICON_NAME = AppIcon;
				ASSETCATALOG_COMPILER_GLOBAL_ACCENT_COLOR_NAME = AccentColor;
				CODE_SIGN_STYLE = Automatic;
				CURRENT_PROJECT_VERSION = 1;
				DEVELOPMENT_TEAM = 89HVP482WM;
				GENERATE_INFOPLIST_FILE = YES;
				INFOPLIST_FILE = UIkit2/Info.plist;
				INFOPLIST_KEY_UIApplicationSupportsIndirectInputEvents = YES;
				INFOPLIST_KEY_UILaunchStoryboardName = LaunchScreen;
				INFOPLIST_KEY_UIMainStoryboardFile = Main;
				INFOPLIST_KEY_UISupportedInterfaceOrientations_iPad = "UIInterfaceOrientationPortrait UIInterfaceOrientationPortraitUpsideDown UIInterfaceOrientationLandscapeLeft UIInterfaceOrientationLandscapeRight";
				INFOPLIST_KEY_UISupportedInterfaceOrientations_iPhone = "UIInterfaceOrientationPortrait UIInterfaceOrientationLandscapeLeft UIInterfaceOrientationLandscapeRight";
				LD_RUNPATH_SEARCH_PATHS = (
					"$(inherited)",
					"@executable_path/Frameworks",
				);
				MARKETING_VERSION = 1.0;
				PRODUCT_BUNDLE_IDENTIFIER = com.veselov.UIkit2;
				PRODUCT_NAME = "$(TARGET_NAME)";
				SWIFT_EMIT_LOC_STRINGS = YES;
				SWIFT_VERSION = 5.0;
				TARGETED_DEVICE_FAMILY = "1,2";
			};
			name = Debug;
		};
		550DCB642947D703006DF792 /* Release */ = {
			isa = XCBuildConfiguration;
			buildSettings = {
				ASSETCATALOG_COMPILER_APPICON_NAME = AppIcon;
				ASSETCATALOG_COMPILER_GLOBAL_ACCENT_COLOR_NAME = AccentColor;
				CODE_SIGN_STYLE = Automatic;
				CURRENT_PROJECT_VERSION = 1;
				DEVELOPMENT_TEAM = 89HVP482WM;
				GENERATE_INFOPLIST_FILE = YES;
				INFOPLIST_FILE = UIkit2/Info.plist;
				INFOPLIST_KEY_UIApplicationSupportsIndirectInputEvents = YES;
				INFOPLIST_KEY_UILaunchStoryboardName = LaunchScreen;
				INFOPLIST_KEY_UIMainStoryboardFile = Main;
				INFOPLIST_KEY_UISupportedInterfaceOrientations_iPad = "UIInterfaceOrientationPortrait UIInterfaceOrientationPortraitUpsideDown UIInterfaceOrientationLandscapeLeft UIInterfaceOrientationLandscapeRight";
				INFOPLIST_KEY_UISupportedInterfaceOrientations_iPhone = "UIInterfaceOrientationPortrait UIInterfaceOrientationLandscapeLeft UIInterfaceOrientationLandscapeRight";
				LD_RUNPATH_SEARCH_PATHS = (
					"$(inherited)",
					"@executable_path/Frameworks",
				);
				MARKETING_VERSION = 1.0;
				PRODUCT_BUNDLE_IDENTIFIER = com.veselov.UIkit2;
				PRODUCT_NAME = "$(TARGET_NAME)";
				SWIFT_EMIT_LOC_STRINGS = YES;
				SWIFT_VERSION = 5.0;
				TARGETED_DEVICE_FAMILY = "1,2";
			};
			name = Release;
		};
		550DCB662947D703006DF792 /* Debug */ = {
			isa = XCBuildConfiguration;
			buildSettings = {
				ALWAYS_EMBED_SWIFT_STANDARD_LIBRARIES = YES;
				BUNDLE_LOADER = "$(TEST_HOST)";
				CODE_SIGN_STYLE = Automatic;
				CURRENT_PROJECT_VERSION = 1;
				DEVELOPMENT_TEAM = 89HVP482WM;
				GENERATE_INFOPLIST_FILE = YES;
				IPHONEOS_DEPLOYMENT_TARGET = 16.1;
				MARKETING_VERSION = 1.0;
				PRODUCT_BUNDLE_IDENTIFIER = com.veselov.UIkit2Tests;
				PRODUCT_NAME = "$(TARGET_NAME)";
				SWIFT_EMIT_LOC_STRINGS = NO;
				SWIFT_VERSION = 5.0;
				TARGETED_DEVICE_FAMILY = "1,2";
				TEST_HOST = "$(BUILT_PRODUCTS_DIR)/UIkit2.app/$(BUNDLE_EXECUTABLE_FOLDER_PATH)/UIkit2";
			};
			name = Debug;
		};
		550DCB672947D703006DF792 /* Release */ = {
			isa = XCBuildConfiguration;
			buildSettings = {
				ALWAYS_EMBED_SWIFT_STANDARD_LIBRARIES = YES;
				BUNDLE_LOADER = "$(TEST_HOST)";
				CODE_SIGN_STYLE = Automatic;
				CURRENT_PROJECT_VERSION = 1;
				DEVELOPMENT_TEAM = 89HVP482WM;
				GENERATE_INFOPLIST_FILE = YES;
				IPHONEOS_DEPLOYMENT_TARGET = 16.1;
				MARKETING_VERSION = 1.0;
				PRODUCT_BUNDLE_IDENTIFIER = com.veselov.UIkit2Tests;
				PRODUCT_NAME = "$(TARGET_NAME)";
				SWIFT_EMIT_LOC_STRINGS = NO;
				SWIFT_VERSION = 5.0;
				TARGETED_DEVICE_FAMILY = "1,2";
				TEST_HOST = "$(BUILT_PRODUCTS_DIR)/UIkit2.app/$(BUNDLE_EXECUTABLE_FOLDER_PATH)/UIkit2";
			};
			name = Release;
		};
		550DCB692947D703006DF792 /* Debug */ = {
			isa = XCBuildConfiguration;
			buildSettings = {
				ALWAYS_EMBED_SWIFT_STANDARD_LIBRARIES = YES;
				CODE_SIGN_STYLE = Automatic;
				CURRENT_PROJECT_VERSION = 1;
				DEVELOPMENT_TEAM = 89HVP482WM;
				GENERATE_INFOPLIST_FILE = YES;
				MARKETING_VERSION = 1.0;
				PRODUCT_BUNDLE_IDENTIFIER = com.veselov.UIkit2UITests;
				PRODUCT_NAME = "$(TARGET_NAME)";
				SWIFT_EMIT_LOC_STRINGS = NO;
				SWIFT_VERSION = 5.0;
				TARGETED_DEVICE_FAMILY = "1,2";
				TEST_TARGET_NAME = UIkit2;
			};
			name = Debug;
		};
		550DCB6A2947D703006DF792 /* Release */ = {
			isa = XCBuildConfiguration;
			buildSettings = {
				ALWAYS_EMBED_SWIFT_STANDARD_LIBRARIES = YES;
				CODE_SIGN_STYLE = Automatic;
				CURRENT_PROJECT_VERSION = 1;
				DEVELOPMENT_TEAM = 89HVP482WM;
				GENERATE_INFOPLIST_FILE = YES;
				MARKETING_VERSION = 1.0;
				PRODUCT_BUNDLE_IDENTIFIER = com.veselov.UIkit2UITests;
				PRODUCT_NAME = "$(TARGET_NAME)";
				SWIFT_EMIT_LOC_STRINGS = NO;
				SWIFT_VERSION = 5.0;
				TARGETED_DEVICE_FAMILY = "1,2";
				TEST_TARGET_NAME = UIkit2;
			};
			name = Release;
		};
/* End XCBuildConfiguration section */

/* Begin XCConfigurationList section */
		550DCB332947D6FF006DF792 /* Build configuration list for PBXProject "UIkit2" */ = {
			isa = XCConfigurationList;
			buildConfigurations = (
				550DCB602947D703006DF792 /* Debug */,
				550DCB612947D703006DF792 /* Release */,
			);
			defaultConfigurationIsVisible = 0;
			defaultConfigurationName = Release;
		};
		550DCB622947D703006DF792 /* Build configuration list for PBXNativeTarget "UIkit2" */ = {
			isa = XCConfigurationList;
			buildConfigurations = (
				550DCB632947D703006DF792 /* Debug */,
				550DCB642947D703006DF792 /* Release */,
			);
			defaultConfigurationIsVisible = 0;
			defaultConfigurationName = Release;
		};
		550DCB652947D703006DF792 /* Build configuration list for PBXNativeTarget "UIkit2Tests" */ = {
			isa = XCConfigurationList;
			buildConfigurations = (
				550DCB662947D703006DF792 /* Debug */,
				550DCB672947D703006DF792 /* Release */,
			);
			defaultConfigurationIsVisible = 0;
			defaultConfigurationName = Release;
		};
		550DCB682947D703006DF792 /* Build configuration list for PBXNativeTarget "UIkit2UITests" */ = {
			isa = XCConfigurationList;
			buildConfigurations = (
				550DCB692947D703006DF792 /* Debug */,
				550DCB6A2947D703006DF792 /* Release */,
			);
			defaultConfigurationIsVisible = 0;
			defaultConfigurationName = Release;
		};
/* End XCConfigurationList section */
	};
	rootObject = 550DCB302947D6FF006DF792 /* Project object */;
}
