// !$*UTF8*$!
{
	archiveVersion = 1;
	classes = {
	};
	objectVersion = 56;
	objects = {

/* Begin PBXBuildFile section */
		550DCAFE293B9C74006DF792 /* AppDelegate.swift in Sources */ = {isa = PBXBuildFile; fileRef = 550DCAFD293B9C74006DF792 /* AppDelegate.swift */; };
		550DCB00293B9C74006DF792 /* SceneDelegate.swift in Sources */ = {isa = PBXBuildFile; fileRef = 550DCAFF293B9C74006DF792 /* SceneDelegate.swift */; };
		550DCB02293B9C74006DF792 /* ViewController.swift in Sources */ = {isa = PBXBuildFile; fileRef = 550DCB01293B9C74006DF792 /* ViewController.swift */; };
		550DCB05293B9C75006DF792 /* Main.storyboard in Resources */ = {isa = PBXBuildFile; fileRef = 550DCB03293B9C75006DF792 /* Main.storyboard */; };
		550DCB07293B9C7D006DF792 /* Assets.xcassets in Resources */ = {isa = PBXBuildFile; fileRef = 550DCB06293B9C7D006DF792 /* Assets.xcassets */; };
		550DCB0A293B9C7D006DF792 /* LaunchScreen.storyboard in Resources */ = {isa = PBXBuildFile; fileRef = 550DCB08293B9C7D006DF792 /* LaunchScreen.storyboard */; };
		550DCB15293B9C7D006DF792 /* UIkitTests.swift in Sources */ = {isa = PBXBuildFile; fileRef = 550DCB14293B9C7D006DF792 /* UIkitTests.swift */; };
		550DCB1F293B9C7D006DF792 /* UIkitUITests.swift in Sources */ = {isa = PBXBuildFile; fileRef = 550DCB1E293B9C7D006DF792 /* UIkitUITests.swift */; };
		550DCB21293B9C7D006DF792 /* UIkitUITestsLaunchTests.swift in Sources */ = {isa = PBXBuildFile; fileRef = 550DCB20293B9C7D006DF792 /* UIkitUITestsLaunchTests.swift */; };
/* End PBXBuildFile section */

/* Begin PBXContainerItemProxy section */
		550DCB11293B9C7D006DF792 /* PBXContainerItemProxy */ = {
			isa = PBXContainerItemProxy;
			containerPortal = 550DCAF2293B9C74006DF792 /* Project object */;
			proxyType = 1;
			remoteGlobalIDString = 550DCAF9293B9C74006DF792;
			remoteInfo = UIkit;
		};
		550DCB1B293B9C7D006DF792 /* PBXContainerItemProxy */ = {
			isa = PBXContainerItemProxy;
			containerPortal = 550DCAF2293B9C74006DF792 /* Project object */;
			proxyType = 1;
			remoteGlobalIDString = 550DCAF9293B9C74006DF792;
			remoteInfo = UIkit;
		};
/* End PBXContainerItemProxy section */

/* Begin PBXFileReference section */
		550DCAFA293B9C74006DF792 /* UIkit.app */ = {isa = PBXFileReference; explicitFileType = wrapper.application; includeInIndex = 0; path = UIkit.app; sourceTree = BUILT_PRODUCTS_DIR; };
		550DCAFD293B9C74006DF792 /* AppDelegate.swift */ = {isa = PBXFileReference; lastKnownFileType = sourcecode.swift; path = AppDelegate.swift; sourceTree = "<group>"; };
		550DCAFF293B9C74006DF792 /* SceneDelegate.swift */ = {isa = PBXFileReference; lastKnownFileType = sourcecode.swift; path = SceneDelegate.swift; sourceTree = "<group>"; };
		550DCB01293B9C74006DF792 /* ViewController.swift */ = {isa = PBXFileReference; lastKnownFileType = sourcecode.swift; path = ViewController.swift; sourceTree = "<group>"; };
		550DCB04293B9C75006DF792 /* Base */ = {isa = PBXFileReference; lastKnownFileType = file.storyboard; name = Base; path = Base.lproj/Main.storyboard; sourceTree = "<group>"; };
		550DCB06293B9C7D006DF792 /* Assets.xcassets */ = {isa = PBXFileReference; lastKnownFileType = folder.assetcatalog; path = Assets.xcassets; sourceTree = "<group>"; };
		550DCB09293B9C7D006DF792 /* Base */ = {isa = PBXFileReference; lastKnownFileType = file.storyboard; name = Base; path = Base.lproj/LaunchScreen.storyboard; sourceTree = "<group>"; };
		550DCB0B293B9C7D006DF792 /* Info.plist */ = {isa = PBXFileReference; lastKnownFileType = text.plist.xml; path = Info.plist; sourceTree = "<group>"; };
		550DCB10293B9C7D006DF792 /* UIkitTests.xctest */ = {isa = PBXFileReference; explicitFileType = wrapper.cfbundle; includeInIndex = 0; path = UIkitTests.xctest; sourceTree = BUILT_PRODUCTS_DIR; };
		550DCB14293B9C7D006DF792 /* UIkitTests.swift */ = {isa = PBXFileReference; lastKnownFileType = sourcecode.swift; path = UIkitTests.swift; sourceTree = "<group>"; };
		550DCB1A293B9C7D006DF792 /* UIkitUITests.xctest */ = {isa = PBXFileReference; explicitFileType = wrapper.cfbundle; includeInIndex = 0; path = UIkitUITests.xctest; sourceTree = BUILT_PRODUCTS_DIR; };
		550DCB1E293B9C7D006DF792 /* UIkitUITests.swift */ = {isa = PBXFileReference; lastKnownFileType = sourcecode.swift; path = UIkitUITests.swift; sourceTree = "<group>"; };
		550DCB20293B9C7D006DF792 /* UIkitUITestsLaunchTests.swift */ = {isa = PBXFileReference; lastKnownFileType = sourcecode.swift; path = UIkitUITestsLaunchTests.swift; sourceTree = "<group>"; };
/* End PBXFileReference section */

/* Begin PBXFrameworksBuildPhase section */
		550DCAF7293B9C74006DF792 /* Frameworks */ = {
			isa = PBXFrameworksBuildPhase;
			buildActionMask = 2147483647;
			files = (
			);
			runOnlyForDeploymentPostprocessing = 0;
		};
		550DCB0D293B9C7D006DF792 /* Frameworks */ = {
			isa = PBXFrameworksBuildPhase;
			buildActionMask = 2147483647;
			files = (
			);
			runOnlyForDeploymentPostprocessing = 0;
		};
		550DCB17293B9C7D006DF792 /* Frameworks */ = {
			isa = PBXFrameworksBuildPhase;
			buildActionMask = 2147483647;
			files = (
			);
			runOnlyForDeploymentPostprocessing = 0;
		};
/* End PBXFrameworksBuildPhase section */

/* Begin PBXGroup section */
		550DCAF1293B9C74006DF792 = {
			isa = PBXGroup;
			children = (
				550DCAFC293B9C74006DF792 /* UIkit */,
				550DCB13293B9C7D006DF792 /* UIkitTests */,
				550DCB1D293B9C7D006DF792 /* UIkitUITests */,
				550DCAFB293B9C74006DF792 /* Products */,
			);
			sourceTree = "<group>";
		};
		550DCAFB293B9C74006DF792 /* Products */ = {
			isa = PBXGroup;
			children = (
				550DCAFA293B9C74006DF792 /* UIkit.app */,
				550DCB10293B9C7D006DF792 /* UIkitTests.xctest */,
				550DCB1A293B9C7D006DF792 /* UIkitUITests.xctest */,
			);
			name = Products;
			sourceTree = "<group>";
		};
		550DCAFC293B9C74006DF792 /* UIkit */ = {
			isa = PBXGroup;
			children = (
				550DCAFD293B9C74006DF792 /* AppDelegate.swift */,
				550DCAFF293B9C74006DF792 /* SceneDelegate.swift */,
				550DCB01293B9C74006DF792 /* ViewController.swift */,
				550DCB03293B9C75006DF792 /* Main.storyboard */,
				550DCB06293B9C7D006DF792 /* Assets.xcassets */,
				550DCB08293B9C7D006DF792 /* LaunchScreen.storyboard */,
				550DCB0B293B9C7D006DF792 /* Info.plist */,
			);
			path = UIkit;
			sourceTree = "<group>";
		};
		550DCB13293B9C7D006DF792 /* UIkitTests */ = {
			isa = PBXGroup;
			children = (
				550DCB14293B9C7D006DF792 /* UIkitTests.swift */,
			);
			path = UIkitTests;
			sourceTree = "<group>";
		};
		550DCB1D293B9C7D006DF792 /* UIkitUITests */ = {
			isa = PBXGroup;
			children = (
				550DCB1E293B9C7D006DF792 /* UIkitUITests.swift */,
				550DCB20293B9C7D006DF792 /* UIkitUITestsLaunchTests.swift */,
			);
			path = UIkitUITests;
			sourceTree = "<group>";
		};
/* End PBXGroup section */

/* Begin PBXNativeTarget section */
		550DCAF9293B9C74006DF792 /* UIkit */ = {
			isa = PBXNativeTarget;
			buildConfigurationList = 550DCB24293B9C7D006DF792 /* Build configuration list for PBXNativeTarget "UIkit" */;
			buildPhases = (
				550DCAF6293B9C74006DF792 /* Sources */,
				550DCAF7293B9C74006DF792 /* Frameworks */,
				550DCAF8293B9C74006DF792 /* Resources */,
			);
			buildRules = (
			);
			dependencies = (
			);
			name = UIkit;
			productName = UIkit;
			productReference = 550DCAFA293B9C74006DF792 /* UIkit.app */;
			productType = "com.apple.product-type.application";
		};
		550DCB0F293B9C7D006DF792 /* UIkitTests */ = {
			isa = PBXNativeTarget;
			buildConfigurationList = 550DCB27293B9C7D006DF792 /* Build configuration list for PBXNativeTarget "UIkitTests" */;
			buildPhases = (
				550DCB0C293B9C7D006DF792 /* Sources */,
				550DCB0D293B9C7D006DF792 /* Frameworks */,
				550DCB0E293B9C7D006DF792 /* Resources */,
			);
			buildRules = (
			);
			dependencies = (
				550DCB12293B9C7D006DF792 /* PBXTargetDependency */,
			);
			name = UIkitTests;
			productName = UIkitTests;
			productReference = 550DCB10293B9C7D006DF792 /* UIkitTests.xctest */;
			productType = "com.apple.product-type.bundle.unit-test";
		};
		550DCB19293B9C7D006DF792 /* UIkitUITests */ = {
			isa = PBXNativeTarget;
			buildConfigurationList = 550DCB2A293B9C7D006DF792 /* Build configuration list for PBXNativeTarget "UIkitUITests" */;
			buildPhases = (
				550DCB16293B9C7D006DF792 /* Sources */,
				550DCB17293B9C7D006DF792 /* Frameworks */,
				550DCB18293B9C7D006DF792 /* Resources */,
			);
			buildRules = (
			);
			dependencies = (
				550DCB1C293B9C7D006DF792 /* PBXTargetDependency */,
			);
			name = UIkitUITests;
			productName = UIkitUITests;
			productReference = 550DCB1A293B9C7D006DF792 /* UIkitUITests.xctest */;
			productType = "com.apple.product-type.bundle.ui-testing";
		};
/* End PBXNativeTarget section */

/* Begin PBXProject section */
		550DCAF2293B9C74006DF792 /* Project object */ = {
			isa = PBXProject;
			attributes = {
				BuildIndependentTargetsInParallel = 1;
				LastSwiftUpdateCheck = 1410;
				LastUpgradeCheck = 1410;
				TargetAttributes = {
					550DCAF9293B9C74006DF792 = {
						CreatedOnToolsVersion = 14.1;
					};
					550DCB0F293B9C7D006DF792 = {
						CreatedOnToolsVersion = 14.1;
						TestTargetID = 550DCAF9293B9C74006DF792;
					};
					550DCB19293B9C7D006DF792 = {
						CreatedOnToolsVersion = 14.1;
						TestTargetID = 550DCAF9293B9C74006DF792;
					};
				};
			};
			buildConfigurationList = 550DCAF5293B9C74006DF792 /* Build configuration list for PBXProject "UIkit" */;
			compatibilityVersion = "Xcode 14.0";
			developmentRegion = en;
			hasScannedForEncodings = 0;
			knownRegions = (
				en,
				Base,
			);
			mainGroup = 550DCAF1293B9C74006DF792;
			productRefGroup = 550DCAFB293B9C74006DF792 /* Products */;
			projectDirPath = "";
			projectRoot = "";
			targets = (
				550DCAF9293B9C74006DF792 /* UIkit */,
				550DCB0F293B9C7D006DF792 /* UIkitTests */,
				550DCB19293B9C7D006DF792 /* UIkitUITests */,
			);
		};
/* End PBXProject section */

/* Begin PBXResourcesBuildPhase section */
		550DCAF8293B9C74006DF792 /* Resources */ = {
			isa = PBXResourcesBuildPhase;
			buildActionMask = 2147483647;
			files = (
				550DCB0A293B9C7D006DF792 /* LaunchScreen.storyboard in Resources */,
				550DCB07293B9C7D006DF792 /* Assets.xcassets in Resources */,
				550DCB05293B9C75006DF792 /* Main.storyboard in Resources */,
			);
			runOnlyForDeploymentPostprocessing = 0;
		};
		550DCB0E293B9C7D006DF792 /* Resources */ = {
			isa = PBXResourcesBuildPhase;
			buildActionMask = 2147483647;
			files = (
			);
			runOnlyForDeploymentPostprocessing = 0;
		};
		550DCB18293B9C7D006DF792 /* Resources */ = {
			isa = PBXResourcesBuildPhase;
			buildActionMask = 2147483647;
			files = (
			);
			runOnlyForDeploymentPostprocessing = 0;
		};
/* End PBXResourcesBuildPhase section */

/* Begin PBXSourcesBuildPhase section */
		550DCAF6293B9C74006DF792 /* Sources */ = {
			isa = PBXSourcesBuildPhase;
			buildActionMask = 2147483647;
			files = (
				550DCB02293B9C74006DF792 /* ViewController.swift in Sources */,
				550DCAFE293B9C74006DF792 /* AppDelegate.swift in Sources */,
				550DCB00293B9C74006DF792 /* SceneDelegate.swift in Sources */,
			);
			runOnlyForDeploymentPostprocessing = 0;
		};
		550DCB0C293B9C7D006DF792 /* Sources */ = {
			isa = PBXSourcesBuildPhase;
			buildActionMask = 2147483647;
			files = (
				550DCB15293B9C7D006DF792 /* UIkitTests.swift in Sources */,
			);
			runOnlyForDeploymentPostprocessing = 0;
		};
		550DCB16293B9C7D006DF792 /* Sources */ = {
			isa = PBXSourcesBuildPhase;
			buildActionMask = 2147483647;
			files = (
				550DCB1F293B9C7D006DF792 /* UIkitUITests.swift in Sources */,
				550DCB21293B9C7D006DF792 /* UIkitUITestsLaunchTests.swift in Sources */,
			);
			runOnlyForDeploymentPostprocessing = 0;
		};
/* End PBXSourcesBuildPhase section */

/* Begin PBXTargetDependency section */
		550DCB12293B9C7D006DF792 /* PBXTargetDependency */ = {
			isa = PBXTargetDependency;
			target = 550DCAF9293B9C74006DF792 /* UIkit */;
			targetProxy = 550DCB11293B9C7D006DF792 /* PBXContainerItemProxy */;
		};
		550DCB1C293B9C7D006DF792 /* PBXTargetDependency */ = {
			isa = PBXTargetDependency;
			target = 550DCAF9293B9C74006DF792 /* UIkit */;
			targetProxy = 550DCB1B293B9C7D006DF792 /* PBXContainerItemProxy */;
		};
/* End PBXTargetDependency section */

/* Begin PBXVariantGroup section */
		550DCB03293B9C75006DF792 /* Main.storyboard */ = {
			isa = PBXVariantGroup;
			children = (
				550DCB04293B9C75006DF792 /* Base */,
			);
			name = Main.storyboard;
			sourceTree = "<group>";
		};
		550DCB08293B9C7D006DF792 /* LaunchScreen.storyboard */ = {
			isa = PBXVariantGroup;
			children = (
				550DCB09293B9C7D006DF792 /* Base */,
			);
			name = LaunchScreen.storyboard;
			sourceTree = "<group>";
		};
/* End PBXVariantGroup section */

/* Begin XCBuildConfiguration section */
		550DCB22293B9C7D006DF792 /* Debug */ = {
			isa = XCBuildConfiguration;
			buildSettings = {
				ALWAYS_SEARCH_USER_PATHS = NO;
				CLANG_ANALYZER_NONNULL = YES;
				CLANG_ANALYZER_NUMBER_OBJECT_CONVERSION = YES_AGGRESSIVE;
				CLANG_CXX_LANGUAGE_STANDARD = "gnu++20";
				CLANG_ENABLE_MODULES = YES;
				CLANG_ENABLE_OBJC_ARC = YES;
				CLANG_ENABLE_OBJC_WEAK = YES;
				CLANG_WARN_BLOCK_CAPTURE_AUTORELEASING = YES;
				CLANG_WARN_BOOL_CONVERSION = YES;
				CLANG_WARN_COMMA = YES;
				CLANG_WARN_CONSTANT_CONVERSION = YES;
				CLANG_WARN_DEPRECATED_OBJC_IMPLEMENTATIONS = YES;
				CLANG_WARN_DIRECT_OBJC_ISA_USAGE = YES_ERROR;
				CLANG_WARN_DOCUMENTATION_COMMENTS = YES;
				CLANG_WARN_EMPTY_BODY = YES;
				CLANG_WARN_ENUM_CONVERSION = YES;
				CLANG_WARN_INFINITE_RECURSION = YES;
				CLANG_WARN_INT_CONVERSION = YES;
				CLANG_WARN_NON_LITERAL_NULL_CONVERSION = YES;
				CLANG_WARN_OBJC_IMPLICIT_RETAIN_SELF = YES;
				CLANG_WARN_OBJC_LITERAL_CONVERSION = YES;
				CLANG_WARN_OBJC_ROOT_CLASS = YES_ERROR;
				CLANG_WARN_QUOTED_INCLUDE_IN_FRAMEWORK_HEADER = YES;
				CLANG_WARN_RANGE_LOOP_ANALYSIS = YES;
				CLANG_WARN_STRICT_PROTOTYPES = YES;
				CLANG_WARN_SUSPICIOUS_MOVE = YES;
				CLANG_WARN_UNGUARDED_AVAILABILITY = YES_AGGRESSIVE;
				CLANG_WARN_UNREACHABLE_CODE = YES;
				CLANG_WARN__DUPLICATE_METHOD_MATCH = YES;
				COPY_PHASE_STRIP = NO;
				DEBUG_INFORMATION_FORMAT = dwarf;
				ENABLE_STRICT_OBJC_MSGSEND = YES;
				ENABLE_TESTABILITY = YES;
				GCC_C_LANGUAGE_STANDARD = gnu11;
				GCC_DYNAMIC_NO_PIC = NO;
				GCC_NO_COMMON_BLOCKS = YES;
				GCC_OPTIMIZATION_LEVEL = 0;
				GCC_PREPROCESSOR_DEFINITIONS = (
					"DEBUG=1",
					"$(inherited)",
				);
				GCC_WARN_64_TO_32_BIT_CONVERSION = YES;
				GCC_WARN_ABOUT_RETURN_TYPE = YES_ERROR;
				GCC_WARN_UNDECLARED_SELECTOR = YES;
				GCC_WARN_UNINITIALIZED_AUTOS = YES_AGGRESSIVE;
				GCC_WARN_UNUSED_FUNCTION = YES;
				GCC_WARN_UNUSED_VARIABLE = YES;
				IPHONEOS_DEPLOYMENT_TARGET = 16.1;
				MTL_ENABLE_DEBUG_INFO = INCLUDE_SOURCE;
				MTL_FAST_MATH = YES;
				ONLY_ACTIVE_ARCH = YES;
				SDKROOT = iphoneos;
				SWIFT_ACTIVE_COMPILATION_CONDITIONS = DEBUG;
				SWIFT_OPTIMIZATION_LEVEL = "-Onone";
			};
			name = Debug;
		};
		550DCB23293B9C7D006DF792 /* Release */ = {
			isa = XCBuildConfiguration;
			buildSettings = {
				ALWAYS_SEARCH_USER_PATHS = NO;
				CLANG_ANALYZER_NONNULL = YES;
				CLANG_ANALYZER_NUMBER_OBJECT_CONVERSION = YES_AGGRESSIVE;
				CLANG_CXX_LANGUAGE_STANDARD = "gnu++20";
				CLANG_ENABLE_MODULES = YES;
				CLANG_ENABLE_OBJC_ARC = YES;
				CLANG_ENABLE_OBJC_WEAK = YES;
				CLANG_WARN_BLOCK_CAPTURE_AUTORELEASING = YES;
				CLANG_WARN_BOOL_CONVERSION = YES;
				CLANG_WARN_COMMA = YES;
				CLANG_WARN_CONSTANT_CONVERSION = YES;
				CLANG_WARN_DEPRECATED_OBJC_IMPLEMENTATIONS = YES;
				CLANG_WARN_DIRECT_OBJC_ISA_USAGE = YES_ERROR;
				CLANG_WARN_DOCUMENTATION_COMMENTS = YES;
				CLANG_WARN_EMPTY_BODY = YES;
				CLANG_WARN_ENUM_CONVERSION = YES;
				CLANG_WARN_INFINITE_RECURSION = YES;
				CLANG_WARN_INT_CONVERSION = YES;
				CLANG_WARN_NON_LITERAL_NULL_CONVERSION = YES;
				CLANG_WARN_OBJC_IMPLICIT_RETAIN_SELF = YES;
				CLANG_WARN_OBJC_LITERAL_CONVERSION = YES;
				CLANG_WARN_OBJC_ROOT_CLASS = YES_ERROR;
				CLANG_WARN_QUOTED_INCLUDE_IN_FRAMEWORK_HEADER = YES;
				CLANG_WARN_RANGE_LOOP_ANALYSIS = YES;
				CLANG_WARN_STRICT_PROTOTYPES = YES;
				CLANG_WARN_SUSPICIOUS_MOVE = YES;
				CLANG_WARN_UNGUARDED_AVAILABILITY = YES_AGGRESSIVE;
				CLANG_WARN_UNREACHABLE_CODE = YES;
				CLANG_WARN__DUPLICATE_METHOD_MATCH = YES;
				COPY_PHASE_STRIP = NO;
				DEBUG_INFORMATION_FORMAT = "dwarf-with-dsym";
				ENABLE_NS_ASSERTIONS = NO;
				ENABLE_STRICT_OBJC_MSGSEND = YES;
				GCC_C_LANGUAGE_STANDARD = gnu11;
				GCC_NO_COMMON_BLOCKS = YES;
				GCC_WARN_64_TO_32_BIT_CONVERSION = YES;
				GCC_WARN_ABOUT_RETURN_TYPE = YES_ERROR;
				GCC_WARN_UNDECLARED_SELECTOR = YES;
				GCC_WARN_UNINITIALIZED_AUTOS = YES_AGGRESSIVE;
				GCC_WARN_UNUSED_FUNCTION = YES;
				GCC_WARN_UNUSED_VARIABLE = YES;
				IPHONEOS_DEPLOYMENT_TARGET = 16.1;
				MTL_ENABLE_DEBUG_INFO = NO;
				MTL_FAST_MATH = YES;
				SDKROOT = iphoneos;
				SWIFT_COMPILATION_MODE = wholemodule;
				SWIFT_OPTIMIZATION_LEVEL = "-O";
				VALIDATE_PRODUCT = YES;
			};
			name = Release;
		};
		550DCB25293B9C7D006DF792 /* Debug */ = {
			isa = XCBuildConfiguration;
			buildSettings = {
				ASSETCATALOG_COMPILER_APPICON_NAME = AppIcon;
				ASSETCATALOG_COMPILER_GLOBAL_ACCENT_COLOR_NAME = AccentColor;
				CODE_SIGN_STYLE = Automatic;
				CURRENT_PROJECT_VERSION = 1;
				DEVELOPMENT_TEAM = 89HVP482WM;
				GENERATE_INFOPLIST_FILE = YES;
				INFOPLIST_FILE = UIkit/Info.plist;
				INFOPLIST_KEY_UIApplicationSupportsIndirectInputEvents = YES;
				INFOPLIST_KEY_UILaunchStoryboardName = LaunchScreen;
				INFOPLIST_KEY_UIMainStoryboardFile = Main;
				INFOPLIST_KEY_UISupportedInterfaceOrientations = UIInterfaceOrientationPortrait;
				INFOPLIST_KEY_UISupportedInterfaceOrientations_iPad = "UIInterfaceOrientationLandscapeLeft UIInterfaceOrientationLandscapeRight UIInterfaceOrientationPortrait UIInterfaceOrientationPortraitUpsideDown";
				LD_RUNPATH_SEARCH_PATHS = (
					"$(inherited)",
					"@executable_path/Frameworks",
				);
				MARKETING_VERSION = 1.0;
				PRODUCT_BUNDLE_IDENTIFIER = com.veselov.UIkit;
				PRODUCT_NAME = "$(TARGET_NAME)";
				SUPPORTED_PLATFORMS = "iphoneos iphonesimulator";
				SUPPORTS_MACCATALYST = NO;
				SUPPORTS_MAC_DESIGNED_FOR_IPHONE_IPAD = NO;
				SWIFT_EMIT_LOC_STRINGS = YES;
				SWIFT_VERSION = 5.0;
				TARGETED_DEVICE_FAMILY = 1;
			};
			name = Debug;
		};
		550DCB26293B9C7D006DF792 /* Release */ = {
			isa = XCBuildConfiguration;
			buildSettings = {
				ASSETCATALOG_COMPILER_APPICON_NAME = AppIcon;
				ASSETCATALOG_COMPILER_GLOBAL_ACCENT_COLOR_NAME = AccentColor;
				CODE_SIGN_STYLE = Automatic;
				CURRENT_PROJECT_VERSION = 1;
				DEVELOPMENT_TEAM = 89HVP482WM;
				GENERATE_INFOPLIST_FILE = YES;
				INFOPLIST_FILE = UIkit/Info.plist;
				INFOPLIST_KEY_UIApplicationSupportsIndirectInputEvents = YES;
				INFOPLIST_KEY_UILaunchStoryboardName = LaunchScreen;
				INFOPLIST_KEY_UIMainStoryboardFile = Main;
				INFOPLIST_KEY_UISupportedInterfaceOrientations = UIInterfaceOrientationPortrait;
				INFOPLIST_KEY_UISupportedInterfaceOrientations_iPad = "UIInterfaceOrientationLandscapeLeft UIInterfaceOrientationLandscapeRight UIInterfaceOrientationPortrait UIInterfaceOrientationPortraitUpsideDown";
				LD_RUNPATH_SEARCH_PATHS = (
					"$(inherited)",
					"@executable_path/Frameworks",
				);
				MARKETING_VERSION = 1.0;
				PRODUCT_BUNDLE_IDENTIFIER = com.veselov.UIkit;
				PRODUCT_NAME = "$(TARGET_NAME)";
				SUPPORTED_PLATFORMS = "iphoneos iphonesimulator";
				SUPPORTS_MACCATALYST = NO;
				SUPPORTS_MAC_DESIGNED_FOR_IPHONE_IPAD = NO;
				SWIFT_EMIT_LOC_STRINGS = YES;
				SWIFT_VERSION = 5.0;
				TARGETED_DEVICE_FAMILY = 1;
			};
			name = Release;
		};
		550DCB28293B9C7D006DF792 /* Debug */ = {
			isa = XCBuildConfiguration;
			buildSettings = {
				ALWAYS_EMBED_SWIFT_STANDARD_LIBRARIES = YES;
				BUNDLE_LOADER = "$(TEST_HOST)";
				CODE_SIGN_STYLE = Automatic;
				CURRENT_PROJECT_VERSION = 1;
				DEVELOPMENT_TEAM = 89HVP482WM;
				GENERATE_INFOPLIST_FILE = YES;
				IPHONEOS_DEPLOYMENT_TARGET = 16.1;
				MARKETING_VERSION = 1.0;
				PRODUCT_BUNDLE_IDENTIFIER = com.veselov.UIkitTests;
				PRODUCT_NAME = "$(TARGET_NAME)";
				SWIFT_EMIT_LOC_STRINGS = NO;
				SWIFT_VERSION = 5.0;
				TARGETED_DEVICE_FAMILY = "1,2";
				TEST_HOST = "$(BUILT_PRODUCTS_DIR)/UIkit.app/$(BUNDLE_EXECUTABLE_FOLDER_PATH)/UIkit";
			};
			name = Debug;
		};
		550DCB29293B9C7D006DF792 /* Release */ = {
			isa = XCBuildConfiguration;
			buildSettings = {
				ALWAYS_EMBED_SWIFT_STANDARD_LIBRARIES = YES;
				BUNDLE_LOADER = "$(TEST_HOST)";
				CODE_SIGN_STYLE = Automatic;
				CURRENT_PROJECT_VERSION = 1;
				DEVELOPMENT_TEAM = 89HVP482WM;
				GENERATE_INFOPLIST_FILE = YES;
				IPHONEOS_DEPLOYMENT_TARGET = 16.1;
				MARKETING_VERSION = 1.0;
				PRODUCT_BUNDLE_IDENTIFIER = com.veselov.UIkitTests;
				PRODUCT_NAME = "$(TARGET_NAME)";
				SWIFT_EMIT_LOC_STRINGS = NO;
				SWIFT_VERSION = 5.0;
				TARGETED_DEVICE_FAMILY = "1,2";
				TEST_HOST = "$(BUILT_PRODUCTS_DIR)/UIkit.app/$(BUNDLE_EXECUTABLE_FOLDER_PATH)/UIkit";
			};
			name = Release;
		};
		550DCB2B293B9C7D006DF792 /* Debug */ = {
			isa = XCBuildConfiguration;
			buildSettings = {
				ALWAYS_EMBED_SWIFT_STANDARD_LIBRARIES = YES;
				CODE_SIGN_STYLE = Automatic;
				CURRENT_PROJECT_VERSION = 1;
				DEVELOPMENT_TEAM = 89HVP482WM;
				GENERATE_INFOPLIST_FILE = YES;
				MARKETING_VERSION = 1.0;
				PRODUCT_BUNDLE_IDENTIFIER = com.veselov.UIkitUITests;
				PRODUCT_NAME = "$(TARGET_NAME)";
				SWIFT_EMIT_LOC_STRINGS = NO;
				SWIFT_VERSION = 5.0;
				TARGETED_DEVICE_FAMILY = "1,2";
				TEST_TARGET_NAME = UIkit;
			};
			name = Debug;
		};
		550DCB2C293B9C7D006DF792 /* Release */ = {
			isa = XCBuildConfiguration;
			buildSettings = {
				ALWAYS_EMBED_SWIFT_STANDARD_LIBRARIES = YES;
				CODE_SIGN_STYLE = Automatic;
				CURRENT_PROJECT_VERSION = 1;
				DEVELOPMENT_TEAM = 89HVP482WM;
				GENERATE_INFOPLIST_FILE = YES;
				MARKETING_VERSION = 1.0;
				PRODUCT_BUNDLE_IDENTIFIER = com.veselov.UIkitUITests;
				PRODUCT_NAME = "$(TARGET_NAME)";
				SWIFT_EMIT_LOC_STRINGS = NO;
				SWIFT_VERSION = 5.0;
				TARGETED_DEVICE_FAMILY = "1,2";
				TEST_TARGET_NAME = UIkit;
			};
			name = Release;
		};
/* End XCBuildConfiguration section */

/* Begin XCConfigurationList section */
		550DCAF5293B9C74006DF792 /* Build configuration list for PBXProject "UIkit" */ = {
			isa = XCConfigurationList;
			buildConfigurations = (
				550DCB22293B9C7D006DF792 /* Debug */,
				550DCB23293B9C7D006DF792 /* Release */,
			);
			defaultConfigurationIsVisible = 0;
			defaultConfigurationName = Release;
		};
		550DCB24293B9C7D006DF792 /* Build configuration list for PBXNativeTarget "UIkit" */ = {
			isa = XCConfigurationList;
			buildConfigurations = (
				550DCB25293B9C7D006DF792 /* Debug */,
				550DCB26293B9C7D006DF792 /* Release */,
			);
			defaultConfigurationIsVisible = 0;
			defaultConfigurationName = Release;
		};
		550DCB27293B9C7D006DF792 /* Build configuration list for PBXNativeTarget "UIkitTests" */ = {
			isa = XCConfigurationList;
			buildConfigurations = (
				550DCB28293B9C7D006DF792 /* Debug */,
				550DCB29293B9C7D006DF792 /* Release */,
			);
			defaultConfigurationIsVisible = 0;
			defaultConfigurationName = Release;
		};
		550DCB2A293B9C7D006DF792 /* Build configuration list for PBXNativeTarget "UIkitUITests" */ = {
			isa = XCConfigurationList;
			buildConfigurations = (
				550DCB2B293B9C7D006DF792 /* Debug */,
				550DCB2C293B9C7D006DF792 /* Release */,
			);
			defaultConfigurationIsVisible = 0;
			defaultConfigurationName = Release;
		};
/* End XCConfigurationList section */
	};
	rootObject = 550DCAF2293B9C74006DF792 /* Project object */;
}
